// !$*UTF8*$!
{
	archiveVersion = 1;
	classes = {
	};
	objectVersion = 50;
	objects = {

/* Begin PBXBuildFile section */
		8B957355270DAF7000A263B3 /* AppDelegate.swift in Sources */ = {isa = PBXBuildFile; fileRef = 8B957354270DAF7000A263B3 /* AppDelegate.swift */; };
		8B957357270DAF7000A263B3 /* SceneDelegate.swift in Sources */ = {isa = PBXBuildFile; fileRef = 8B957356270DAF7000A263B3 /* SceneDelegate.swift */; };
		8B957359270DAF7000A263B3 /* ViewController.swift in Sources */ = {isa = PBXBuildFile; fileRef = 8B957358270DAF7000A263B3 /* ViewController.swift */; };
		8B95735C270DAF7000A263B3 /* Main.storyboard in Resources */ = {isa = PBXBuildFile; fileRef = 8B95735A270DAF7000A263B3 /* Main.storyboard */; };
		8B95735F270DAF7000A263B3 /* Geo.xcdatamodeld in Sources */ = {isa = PBXBuildFile; fileRef = 8B95735D270DAF7000A263B3 /* Geo.xcdatamodeld */; };
		8B957361270DAF7600A263B3 /* Assets.xcassets in Resources */ = {isa = PBXBuildFile; fileRef = 8B957360270DAF7600A263B3 /* Assets.xcassets */; };
		8B957364270DAF7600A263B3 /* LaunchScreen.storyboard in Resources */ = {isa = PBXBuildFile; fileRef = 8B957362270DAF7600A263B3 /* LaunchScreen.storyboard */; };
		8B95736F270DAF7700A263B3 /* GeoTests.swift in Sources */ = {isa = PBXBuildFile; fileRef = 8B95736E270DAF7700A263B3 /* GeoTests.swift */; };
		8B95737A270DAF7700A263B3 /* GeoUITests.swift in Sources */ = {isa = PBXBuildFile; fileRef = 8B957379270DAF7700A263B3 /* GeoUITests.swift */; };
		8B957395270DB50C00A263B3 /* ContinentTableViewCell.swift in Sources */ = {isa = PBXBuildFile; fileRef = 8B957393270DB50C00A263B3 /* ContinentTableViewCell.swift */; };
		8B957396270DB50C00A263B3 /* ContinentTableViewCell.xib in Resources */ = {isa = PBXBuildFile; fileRef = 8B957394270DB50C00A263B3 /* ContinentTableViewCell.xib */; };
		8B95739F270DB52E00A263B3 /* CountryTableViewCell.swift in Sources */ = {isa = PBXBuildFile; fileRef = 8B95739D270DB52E00A263B3 /* CountryTableViewCell.swift */; };
		8B9573A0270DB52E00A263B3 /* CountryTableViewCell.xib in Resources */ = {isa = PBXBuildFile; fileRef = 8B95739E270DB52E00A263B3 /* CountryTableViewCell.xib */; };
/* End PBXBuildFile section */

/* Begin PBXContainerItemProxy section */
		8B95736B270DAF7700A263B3 /* PBXContainerItemProxy */ = {
			isa = PBXContainerItemProxy;
			containerPortal = 8B957349270DAF6F00A263B3 /* Project object */;
			proxyType = 1;
			remoteGlobalIDString = 8B957350270DAF6F00A263B3;
			remoteInfo = Geo;
		};
		8B957376270DAF7700A263B3 /* PBXContainerItemProxy */ = {
			isa = PBXContainerItemProxy;
			containerPortal = 8B957349270DAF6F00A263B3 /* Project object */;
			proxyType = 1;
			remoteGlobalIDString = 8B957350270DAF6F00A263B3;
			remoteInfo = Geo;
		};
/* End PBXContainerItemProxy section */

/* Begin PBXFileReference section */
		8B957351270DAF6F00A263B3 /* Geo.app */ = {isa = PBXFileReference; explicitFileType = wrapper.application; includeInIndex = 0; path = Geo.app; sourceTree = BUILT_PRODUCTS_DIR; };
		8B957354270DAF7000A263B3 /* AppDelegate.swift */ = {isa = PBXFileReference; lastKnownFileType = sourcecode.swift; path = AppDelegate.swift; sourceTree = "<group>"; };
		8B957356270DAF7000A263B3 /* SceneDelegate.swift */ = {isa = PBXFileReference; lastKnownFileType = sourcecode.swift; path = SceneDelegate.swift; sourceTree = "<group>"; };
		8B957358270DAF7000A263B3 /* ViewController.swift */ = {isa = PBXFileReference; lastKnownFileType = sourcecode.swift; path = ViewController.swift; sourceTree = "<group>"; };
		8B95735B270DAF7000A263B3 /* Base */ = {isa = PBXFileReference; lastKnownFileType = file.storyboard; name = Base; path = Base.lproj/Main.storyboard; sourceTree = "<group>"; };
		8B95735E270DAF7000A263B3 /* Geo.xcdatamodel */ = {isa = PBXFileReference; lastKnownFileType = wrapper.xcdatamodel; path = Geo.xcdatamodel; sourceTree = "<group>"; };
		8B957360270DAF7600A263B3 /* Assets.xcassets */ = {isa = PBXFileReference; lastKnownFileType = folder.assetcatalog; path = Assets.xcassets; sourceTree = "<group>"; };
		8B957363270DAF7600A263B3 /* Base */ = {isa = PBXFileReference; lastKnownFileType = file.storyboard; name = Base; path = Base.lproj/LaunchScreen.storyboard; sourceTree = "<group>"; };
		8B957365270DAF7600A263B3 /* Info.plist */ = {isa = PBXFileReference; lastKnownFileType = text.plist.xml; path = Info.plist; sourceTree = "<group>"; };
		8B95736A270DAF7700A263B3 /* GeoTests.xctest */ = {isa = PBXFileReference; explicitFileType = wrapper.cfbundle; includeInIndex = 0; path = GeoTests.xctest; sourceTree = BUILT_PRODUCTS_DIR; };
		8B95736E270DAF7700A263B3 /* GeoTests.swift */ = {isa = PBXFileReference; lastKnownFileType = sourcecode.swift; path = GeoTests.swift; sourceTree = "<group>"; };
		8B957370270DAF7700A263B3 /* Info.plist */ = {isa = PBXFileReference; lastKnownFileType = text.plist.xml; path = Info.plist; sourceTree = "<group>"; };
		8B957375270DAF7700A263B3 /* GeoUITests.xctest */ = {isa = PBXFileReference; explicitFileType = wrapper.cfbundle; includeInIndex = 0; path = GeoUITests.xctest; sourceTree = BUILT_PRODUCTS_DIR; };
		8B957379270DAF7700A263B3 /* GeoUITests.swift */ = {isa = PBXFileReference; lastKnownFileType = sourcecode.swift; path = GeoUITests.swift; sourceTree = "<group>"; };
		8B95737B270DAF7700A263B3 /* Info.plist */ = {isa = PBXFileReference; lastKnownFileType = text.plist.xml; path = Info.plist; sourceTree = "<group>"; };
		8B957393270DB50C00A263B3 /* ContinentTableViewCell.swift */ = {isa = PBXFileReference; lastKnownFileType = sourcecode.swift; path = ContinentTableViewCell.swift; sourceTree = "<group>"; };
		8B957394270DB50C00A263B3 /* ContinentTableViewCell.xib */ = {isa = PBXFileReference; lastKnownFileType = file.xib; path = ContinentTableViewCell.xib; sourceTree = "<group>"; };
		8B95739D270DB52E00A263B3 /* CountryTableViewCell.swift */ = {isa = PBXFileReference; lastKnownFileType = sourcecode.swift; path = CountryTableViewCell.swift; sourceTree = "<group>"; };
		8B95739E270DB52E00A263B3 /* CountryTableViewCell.xib */ = {isa = PBXFileReference; lastKnownFileType = file.xib; path = CountryTableViewCell.xib; sourceTree = "<group>"; };
/* End PBXFileReference section */

/* Begin PBXFrameworksBuildPhase section */
		8B95734E270DAF6F00A263B3 /* Frameworks */ = {
			isa = PBXFrameworksBuildPhase;
			buildActionMask = 2147483647;
			files = (
			);
			runOnlyForDeploymentPostprocessing = 0;
		};
		8B957367270DAF7700A263B3 /* Frameworks */ = {
			isa = PBXFrameworksBuildPhase;
			buildActionMask = 2147483647;
			files = (
			);
			runOnlyForDeploymentPostprocessing = 0;
		};
		8B957372270DAF7700A263B3 /* Frameworks */ = {
			isa = PBXFrameworksBuildPhase;
			buildActionMask = 2147483647;
			files = (
			);
			runOnlyForDeploymentPostprocessing = 0;
		};
/* End PBXFrameworksBuildPhase section */

/* Begin PBXGroup section */
		8B957348270DAF6F00A263B3 = {
			isa = PBXGroup;
			children = (
				8B957353270DAF7000A263B3 /* Geo */,
				8B95736D270DAF7700A263B3 /* GeoTests */,
				8B957378270DAF7700A263B3 /* GeoUITests */,
				8B957352270DAF7000A263B3 /* Products */,
			);
			sourceTree = "<group>";
		};
		8B957352270DAF7000A263B3 /* Products */ = {
			isa = PBXGroup;
			children = (
				8B957351270DAF6F00A263B3 /* Geo.app */,
				8B95736A270DAF7700A263B3 /* GeoTests.xctest */,
				8B957375270DAF7700A263B3 /* GeoUITests.xctest */,
			);
			name = Products;
			sourceTree = "<group>";
		};
		8B957353270DAF7000A263B3 /* Geo */ = {
			isa = PBXGroup;
			children = (
				8B95738C270DB02300A263B3 /* Resources */,
				8B95738B270DB01500A263B3 /* Sources */,
				8B957365270DAF7600A263B3 /* Info.plist */,
				8B95735D270DAF7000A263B3 /* Geo.xcdatamodeld */,
			);
			path = Geo;
			sourceTree = "<group>";
		};
		8B95736D270DAF7700A263B3 /* GeoTests */ = {
			isa = PBXGroup;
			children = (
				8B95736E270DAF7700A263B3 /* GeoTests.swift */,
				8B957370270DAF7700A263B3 /* Info.plist */,
			);
			path = GeoTests;
			sourceTree = "<group>";
		};
		8B957378270DAF7700A263B3 /* GeoUITests */ = {
			isa = PBXGroup;
			children = (
				8B957379270DAF7700A263B3 /* GeoUITests.swift */,
				8B95737B270DAF7700A263B3 /* Info.plist */,
			);
			path = GeoUITests;
			sourceTree = "<group>";
		};
		8B95738B270DB01500A263B3 /* Sources */ = {
			isa = PBXGroup;
			children = (
				8B95738D270DB17700A263B3 /* Screens */,
				8B957354270DAF7000A263B3 /* AppDelegate.swift */,
				8B957356270DAF7000A263B3 /* SceneDelegate.swift */,
			);
			path = Sources;
			sourceTree = "<group>";
		};
		8B95738C270DB02300A263B3 /* Resources */ = {
			isa = PBXGroup;
			children = (
				8B957360270DAF7600A263B3 /* Assets.xcassets */,
				8B957362270DAF7600A263B3 /* LaunchScreen.storyboard */,
			);
			path = Resources;
			sourceTree = "<group>";
		};
		8B95738D270DB17700A263B3 /* Screens */ = {
			isa = PBXGroup;
			children = (
				8B957392270DB26100A263B3 /* Utils */,
				8B957391270DB22A00A263B3 /* Details */,
				8B95738E270DB18E00A263B3 /* Home */,
			);
			path = Screens;
			sourceTree = "<group>";
		};
		8B95738E270DB18E00A263B3 /* Home */ = {
			isa = PBXGroup;
			children = (
				8B957390270DB1E600A263B3 /* Controllers */,
				8B95738F270DB1CD00A263B3 /* View */,
			);
			path = Home;
			sourceTree = "<group>";
		};
		8B95738F270DB1CD00A263B3 /* View */ = {
			isa = PBXGroup;
			children = (
				8B95735A270DAF7000A263B3 /* Main.storyboard */,
				8B957394270DB50C00A263B3 /* ContinentTableViewCell.xib */,
				8B95739E270DB52E00A263B3 /* CountryTableViewCell.xib */,
			);
			path = View;
			sourceTree = "<group>";
		};
		8B957390270DB1E600A263B3 /* Controllers */ = {
			isa = PBXGroup;
			children = (
				8B95739D270DB52E00A263B3 /* CountryTableViewCell.swift */,
				8B957393270DB50C00A263B3 /* ContinentTableViewCell.swift */,
				8B957358270DAF7000A263B3 /* ViewController.swift */,
			);
			path = Controllers;
			sourceTree = "<group>";
		};
		8B957391270DB22A00A263B3 /* Details */ = {
			isa = PBXGroup;
			children = (
			);
			path = Details;
			sourceTree = "<group>";
		};
		8B957392270DB26100A263B3 /* Utils */ = {
			isa = PBXGroup;
			children = (
			);
			path = Utils;
			sourceTree = "<group>";
		};
/* End PBXGroup section */

/* Begin PBXNativeTarget section */
		8B957350270DAF6F00A263B3 /* Geo */ = {
			isa = PBXNativeTarget;
			buildConfigurationList = 8B95737E270DAF7700A263B3 /* Build configuration list for PBXNativeTarget "Geo" */;
			buildPhases = (
				8B95734D270DAF6F00A263B3 /* Sources */,
				8B95734E270DAF6F00A263B3 /* Frameworks */,
				8B95734F270DAF6F00A263B3 /* Resources */,
			);
			buildRules = (
			);
			dependencies = (
			);
			name = Geo;
			productName = Geo;
			productReference = 8B957351270DAF6F00A263B3 /* Geo.app */;
			productType = "com.apple.product-type.application";
		};
		8B957369270DAF7700A263B3 /* GeoTests */ = {
			isa = PBXNativeTarget;
			buildConfigurationList = 8B957381270DAF7700A263B3 /* Build configuration list for PBXNativeTarget "GeoTests" */;
			buildPhases = (
				8B957366270DAF7700A263B3 /* Sources */,
				8B957367270DAF7700A263B3 /* Frameworks */,
				8B957368270DAF7700A263B3 /* Resources */,
			);
			buildRules = (
			);
			dependencies = (
				8B95736C270DAF7700A263B3 /* PBXTargetDependency */,
			);
			name = GeoTests;
			productName = GeoTests;
			productReference = 8B95736A270DAF7700A263B3 /* GeoTests.xctest */;
			productType = "com.apple.product-type.bundle.unit-test";
		};
		8B957374270DAF7700A263B3 /* GeoUITests */ = {
			isa = PBXNativeTarget;
			buildConfigurationList = 8B957384270DAF7700A263B3 /* Build configuration list for PBXNativeTarget "GeoUITests" */;
			buildPhases = (
				8B957371270DAF7700A263B3 /* Sources */,
				8B957372270DAF7700A263B3 /* Frameworks */,
				8B957373270DAF7700A263B3 /* Resources */,
			);
			buildRules = (
			);
			dependencies = (
				8B957377270DAF7700A263B3 /* PBXTargetDependency */,
			);
			name = GeoUITests;
			productName = GeoUITests;
			productReference = 8B957375270DAF7700A263B3 /* GeoUITests.xctest */;
			productType = "com.apple.product-type.bundle.ui-testing";
		};
/* End PBXNativeTarget section */

/* Begin PBXProject section */
		8B957349270DAF6F00A263B3 /* Project object */ = {
			isa = PBXProject;
			attributes = {
				LastSwiftUpdateCheck = 1240;
				LastUpgradeCheck = 1240;
				TargetAttributes = {
					8B957350270DAF6F00A263B3 = {
						CreatedOnToolsVersion = 12.4;
					};
					8B957369270DAF7700A263B3 = {
						CreatedOnToolsVersion = 12.4;
						TestTargetID = 8B957350270DAF6F00A263B3;
					};
					8B957374270DAF7700A263B3 = {
						CreatedOnToolsVersion = 12.4;
						TestTargetID = 8B957350270DAF6F00A263B3;
					};
				};
			};
			buildConfigurationList = 8B95734C270DAF6F00A263B3 /* Build configuration list for PBXProject "Geo" */;
			compatibilityVersion = "Xcode 9.3";
			developmentRegion = en;
			hasScannedForEncodings = 0;
			knownRegions = (
				en,
				Base,
			);
			mainGroup = 8B957348270DAF6F00A263B3;
			productRefGroup = 8B957352270DAF7000A263B3 /* Products */;
			projectDirPath = "";
			projectRoot = "";
			targets = (
				8B957350270DAF6F00A263B3 /* Geo */,
				8B957369270DAF7700A263B3 /* GeoTests */,
				8B957374270DAF7700A263B3 /* GeoUITests */,
			);
		};
/* End PBXProject section */

/* Begin PBXResourcesBuildPhase section */
		8B95734F270DAF6F00A263B3 /* Resources */ = {
			isa = PBXResourcesBuildPhase;
			buildActionMask = 2147483647;
			files = (
				8B957396270DB50C00A263B3 /* ContinentTableViewCell.xib in Resources */,
				8B957364270DAF7600A263B3 /* LaunchScreen.storyboard in Resources */,
				8B957361270DAF7600A263B3 /* Assets.xcassets in Resources */,
				8B95735C270DAF7000A263B3 /* Main.storyboard in Resources */,
				8B9573A0270DB52E00A263B3 /* CountryTableViewCell.xib in Resources */,
			);
			runOnlyForDeploymentPostprocessing = 0;
		};
		8B957368270DAF7700A263B3 /* Resources */ = {
			isa = PBXResourcesBuildPhase;
			buildActionMask = 2147483647;
			files = (
			);
			runOnlyForDeploymentPostprocessing = 0;
		};
		8B957373270DAF7700A263B3 /* Resources */ = {
			isa = PBXResourcesBuildPhase;
			buildActionMask = 2147483647;
			files = (
			);
			runOnlyForDeploymentPostprocessing = 0;
		};
/* End PBXResourcesBuildPhase section */

/* Begin PBXSourcesBuildPhase section */
		8B95734D270DAF6F00A263B3 /* Sources */ = {
			isa = PBXSourcesBuildPhase;
			buildActionMask = 2147483647;
			files = (
				8B95739F270DB52E00A263B3 /* CountryTableViewCell.swift in Sources */,
				8B957359270DAF7000A263B3 /* ViewController.swift in Sources */,
				8B957355270DAF7000A263B3 /* AppDelegate.swift in Sources */,
				8B957357270DAF7000A263B3 /* SceneDelegate.swift in Sources */,
				8B95735F270DAF7000A263B3 /* Geo.xcdatamodeld in Sources */,
				8B957395270DB50C00A263B3 /* ContinentTableViewCell.swift in Sources */,
			);
			runOnlyForDeploymentPostprocessing = 0;
		};
		8B957366270DAF7700A263B3 /* Sources */ = {
			isa = PBXSourcesBuildPhase;
			buildActionMask = 2147483647;
			files = (
				8B95736F270DAF7700A263B3 /* GeoTests.swift in Sources */,
			);
			runOnlyForDeploymentPostprocessing = 0;
		};
		8B957371270DAF7700A263B3 /* Sources */ = {
			isa = PBXSourcesBuildPhase;
			buildActionMask = 2147483647;
			files = (
				8B95737A270DAF7700A263B3 /* GeoUITests.swift in Sources */,
			);
			runOnlyForDeploymentPostprocessing = 0;
		};
/* End PBXSourcesBuildPhase section */

/* Begin PBXTargetDependency section */
		8B95736C270DAF7700A263B3 /* PBXTargetDependency */ = {
			isa = PBXTargetDependency;
			target = 8B957350270DAF6F00A263B3 /* Geo */;
			targetProxy = 8B95736B270DAF7700A263B3 /* PBXContainerItemProxy */;
		};
		8B957377270DAF7700A263B3 /* PBXTargetDependency */ = {
			isa = PBXTargetDependency;
			target = 8B957350270DAF6F00A263B3 /* Geo */;
			targetProxy = 8B957376270DAF7700A263B3 /* PBXContainerItemProxy */;
		};
/* End PBXTargetDependency section */

/* Begin PBXVariantGroup section */
		8B95735A270DAF7000A263B3 /* Main.storyboard */ = {
			isa = PBXVariantGroup;
			children = (
				8B95735B270DAF7000A263B3 /* Base */,
			);
			name = Main.storyboard;
			sourceTree = "<group>";
		};
		8B957362270DAF7600A263B3 /* LaunchScreen.storyboard */ = {
			isa = PBXVariantGroup;
			children = (
				8B957363270DAF7600A263B3 /* Base */,
			);
			name = LaunchScreen.storyboard;
			sourceTree = "<group>";
		};
/* End PBXVariantGroup section */

/* Begin XCBuildConfiguration section */
		8B95737C270DAF7700A263B3 /* Debug */ = {
			isa = XCBuildConfiguration;
			buildSettings = {
				ALWAYS_SEARCH_USER_PATHS = NO;
				CLANG_ANALYZER_NONNULL = YES;
				CLANG_ANALYZER_NUMBER_OBJECT_CONVERSION = YES_AGGRESSIVE;
				CLANG_CXX_LANGUAGE_STANDARD = "gnu++14";
				CLANG_CXX_LIBRARY = "libc++";
				CLANG_ENABLE_MODULES = YES;
				CLANG_ENABLE_OBJC_ARC = YES;
				CLANG_ENABLE_OBJC_WEAK = YES;
				CLANG_WARN_BLOCK_CAPTURE_AUTORELEASING = YES;
				CLANG_WARN_BOOL_CONVERSION = YES;
				CLANG_WARN_COMMA = YES;
				CLANG_WARN_CONSTANT_CONVERSION = YES;
				CLANG_WARN_DEPRECATED_OBJC_IMPLEMENTATIONS = YES;
				CLANG_WARN_DIRECT_OBJC_ISA_USAGE = YES_ERROR;
				CLANG_WARN_DOCUMENTATION_COMMENTS = YES;
				CLANG_WARN_EMPTY_BODY = YES;
				CLANG_WARN_ENUM_CONVERSION = YES;
				CLANG_WARN_INFINITE_RECURSION = YES;
				CLANG_WARN_INT_CONVERSION = YES;
				CLANG_WARN_NON_LITERAL_NULL_CONVERSION = YES;
				CLANG_WARN_OBJC_IMPLICIT_RETAIN_SELF = YES;
				CLANG_WARN_OBJC_LITERAL_CONVERSION = YES;
				CLANG_WARN_OBJC_ROOT_CLASS = YES_ERROR;
				CLANG_WARN_QUOTED_INCLUDE_IN_FRAMEWORK_HEADER = YES;
				CLANG_WARN_RANGE_LOOP_ANALYSIS = YES;
				CLANG_WARN_STRICT_PROTOTYPES = YES;
				CLANG_WARN_SUSPICIOUS_MOVE = YES;
				CLANG_WARN_UNGUARDED_AVAILABILITY = YES_AGGRESSIVE;
				CLANG_WARN_UNREACHABLE_CODE = YES;
				CLANG_WARN__DUPLICATE_METHOD_MATCH = YES;
				COPY_PHASE_STRIP = NO;
				DEBUG_INFORMATION_FORMAT = dwarf;
				ENABLE_STRICT_OBJC_MSGSEND = YES;
				ENABLE_TESTABILITY = YES;
				GCC_C_LANGUAGE_STANDARD = gnu11;
				GCC_DYNAMIC_NO_PIC = NO;
				GCC_NO_COMMON_BLOCKS = YES;
				GCC_OPTIMIZATION_LEVEL = 0;
				GCC_PREPROCESSOR_DEFINITIONS = (
					"DEBUG=1",
					"$(inherited)",
				);
				GCC_WARN_64_TO_32_BIT_CONVERSION = YES;
				GCC_WARN_ABOUT_RETURN_TYPE = YES_ERROR;
				GCC_WARN_UNDECLARED_SELECTOR = YES;
				GCC_WARN_UNINITIALIZED_AUTOS = YES_AGGRESSIVE;
				GCC_WARN_UNUSED_FUNCTION = YES;
				GCC_WARN_UNUSED_VARIABLE = YES;
				IPHONEOS_DEPLOYMENT_TARGET = 14.4;
				MTL_ENABLE_DEBUG_INFO = INCLUDE_SOURCE;
				MTL_FAST_MATH = YES;
				ONLY_ACTIVE_ARCH = YES;
				SDKROOT = iphoneos;
				SWIFT_ACTIVE_COMPILATION_CONDITIONS = DEBUG;
				SWIFT_OPTIMIZATION_LEVEL = "-Onone";
			};
			name = Debug;
		};
		8B95737D270DAF7700A263B3 /* Release */ = {
			isa = XCBuildConfiguration;
			buildSettings = {
				ALWAYS_SEARCH_USER_PATHS = NO;
				CLANG_ANALYZER_NONNULL = YES;
				CLANG_ANALYZER_NUMBER_OBJECT_CONVERSION = YES_AGGRESSIVE;
				CLANG_CXX_LANGUAGE_STANDARD = "gnu++14";
				CLANG_CXX_LIBRARY = "libc++";
				CLANG_ENABLE_MODULES = YES;
				CLANG_ENABLE_OBJC_ARC = YES;
				CLANG_ENABLE_OBJC_WEAK = YES;
				CLANG_WARN_BLOCK_CAPTURE_AUTORELEASING = YES;
				CLANG_WARN_BOOL_CONVERSION = YES;
				CLANG_WARN_COMMA = YES;
				CLANG_WARN_CONSTANT_CONVERSION = YES;
				CLANG_WARN_DEPRECATED_OBJC_IMPLEMENTATIONS = YES;
				CLANG_WARN_DIRECT_OBJC_ISA_USAGE = YES_ERROR;
				CLANG_WARN_DOCUMENTATION_COMMENTS = YES;
				CLANG_WARN_EMPTY_BODY = YES;
				CLANG_WARN_ENUM_CONVERSION = YES;
				CLANG_WARN_INFINITE_RECURSION = YES;
				CLANG_WARN_INT_CONVERSION = YES;
				CLANG_WARN_NON_LITERAL_NULL_CONVERSION = YES;
				CLANG_WARN_OBJC_IMPLICIT_RETAIN_SELF = YES;
				CLANG_WARN_OBJC_LITERAL_CONVERSION = YES;
				CLANG_WARN_OBJC_ROOT_CLASS = YES_ERROR;
				CLANG_WARN_QUOTED_INCLUDE_IN_FRAMEWORK_HEADER = YES;
				CLANG_WARN_RANGE_LOOP_ANALYSIS = YES;
				CLANG_WARN_STRICT_PROTOTYPES = YES;
				CLANG_WARN_SUSPICIOUS_MOVE = YES;
				CLANG_WARN_UNGUARDED_AVAILABILITY = YES_AGGRESSIVE;
				CLANG_WARN_UNREACHABLE_CODE = YES;
				CLANG_WARN__DUPLICATE_METHOD_MATCH = YES;
				COPY_PHASE_STRIP = NO;
				DEBUG_INFORMATION_FORMAT = "dwarf-with-dsym";
				ENABLE_NS_ASSERTIONS = NO;
				ENABLE_STRICT_OBJC_MSGSEND = YES;
				GCC_C_LANGUAGE_STANDARD = gnu11;
				GCC_NO_COMMON_BLOCKS = YES;
				GCC_WARN_64_TO_32_BIT_CONVERSION = YES;
				GCC_WARN_ABOUT_RETURN_TYPE = YES_ERROR;
				GCC_WARN_UNDECLARED_SELECTOR = YES;
				GCC_WARN_UNINITIALIZED_AUTOS = YES_AGGRESSIVE;
				GCC_WARN_UNUSED_FUNCTION = YES;
				GCC_WARN_UNUSED_VARIABLE = YES;
				IPHONEOS_DEPLOYMENT_TARGET = 14.4;
				MTL_ENABLE_DEBUG_INFO = NO;
				MTL_FAST_MATH = YES;
				SDKROOT = iphoneos;
				SWIFT_COMPILATION_MODE = wholemodule;
				SWIFT_OPTIMIZATION_LEVEL = "-O";
				VALIDATE_PRODUCT = YES;
			};
			name = Release;
		};
		8B95737F270DAF7700A263B3 /* Debug */ = {
			isa = XCBuildConfiguration;
			buildSettings = {
				ASSETCATALOG_COMPILER_APPICON_NAME = AppIcon;
				ASSETCATALOG_COMPILER_GLOBAL_ACCENT_COLOR_NAME = AccentColor;
				CODE_SIGN_STYLE = Automatic;
				DEVELOPMENT_TEAM = 4582NNJ7T6;
				INFOPLIST_FILE = Geo/Info.plist;
				LD_RUNPATH_SEARCH_PATHS = (
					"$(inherited)",
					"@executable_path/Frameworks",
				);
				PRODUCT_BUNDLE_IDENTIFIER = com.stevehechio.apps.Geo;
				PRODUCT_NAME = "$(TARGET_NAME)";
				SWIFT_VERSION = 5.0;
				TARGETED_DEVICE_FAMILY = "1,2";
			};
			name = Debug;
		};
		8B957380270DAF7700A263B3 /* Release */ = {
			isa = XCBuildConfiguration;
			buildSettings = {
				ASSETCATALOG_COMPILER_APPICON_NAME = AppIcon;
				ASSETCATALOG_COMPILER_GLOBAL_ACCENT_COLOR_NAME = AccentColor;
				CODE_SIGN_STYLE = Automatic;
				DEVELOPMENT_TEAM = 4582NNJ7T6;
				INFOPLIST_FILE = Geo/Info.plist;
				LD_RUNPATH_SEARCH_PATHS = (
					"$(inherited)",
					"@executable_path/Frameworks",
				);
				PRODUCT_BUNDLE_IDENTIFIER = com.stevehechio.apps.Geo;
				PRODUCT_NAME = "$(TARGET_NAME)";
				SWIFT_VERSION = 5.0;
				TARGETED_DEVICE_FAMILY = "1,2";
			};
			name = Release;
		};
		8B957382270DAF7700A263B3 /* Debug */ = {
			isa = XCBuildConfiguration;
			buildSettings = {
				ALWAYS_EMBED_SWIFT_STANDARD_LIBRARIES = YES;
				BUNDLE_LOADER = "$(TEST_HOST)";
				CODE_SIGN_STYLE = Automatic;
				DEVELOPMENT_TEAM = 4582NNJ7T6;
				INFOPLIST_FILE = GeoTests/Info.plist;
				IPHONEOS_DEPLOYMENT_TARGET = 14.4;
				LD_RUNPATH_SEARCH_PATHS = (
					"$(inherited)",
					"@executable_path/Frameworks",
					"@loader_path/Frameworks",
				);
				PRODUCT_BUNDLE_IDENTIFIER = com.stevehechio.apps.GeoTests;
				PRODUCT_NAME = "$(TARGET_NAME)";
				SWIFT_VERSION = 5.0;
				TARGETED_DEVICE_FAMILY = "1,2";
				TEST_HOST = "$(BUILT_PRODUCTS_DIR)/Geo.app/Geo";
			};
			name = Debug;
		};
		8B957383270DAF7700A263B3 /* Release */ = {
			isa = XCBuildConfiguration;
			buildSettings = {
				ALWAYS_EMBED_SWIFT_STANDARD_LIBRARIES = YES;
				BUNDLE_LOADER = "$(TEST_HOST)";
				CODE_SIGN_STYLE = Automatic;
				DEVELOPMENT_TEAM = 4582NNJ7T6;
				INFOPLIST_FILE = GeoTests/Info.plist;
				IPHONEOS_DEPLOYMENT_TARGET = 14.4;
				LD_RUNPATH_SEARCH_PATHS = (
					"$(inherited)",
					"@executable_path/Frameworks",
					"@loader_path/Frameworks",
				);
				PRODUCT_BUNDLE_IDENTIFIER = com.stevehechio.apps.GeoTests;
				PRODUCT_NAME = "$(TARGET_NAME)";
				SWIFT_VERSION = 5.0;
				TARGETED_DEVICE_FAMILY = "1,2";
				TEST_HOST = "$(BUILT_PRODUCTS_DIR)/Geo.app/Geo";
			};
			name = Release;
		};
		8B957385270DAF7700A263B3 /* Debug */ = {
			isa = XCBuildConfiguration;
			buildSettings = {
				ALWAYS_EMBED_SWIFT_STANDARD_LIBRARIES = YES;
				CODE_SIGN_STYLE = Automatic;
				DEVELOPMENT_TEAM = 4582NNJ7T6;
				INFOPLIST_FILE = GeoUITests/Info.plist;
				LD_RUNPATH_SEARCH_PATHS = (
					"$(inherited)",
					"@executable_path/Frameworks",
					"@loader_path/Frameworks",
				);
				PRODUCT_BUNDLE_IDENTIFIER = com.stevehechio.apps.GeoUITests;
				PRODUCT_NAME = "$(TARGET_NAME)";
				SWIFT_VERSION = 5.0;
				TARGETED_DEVICE_FAMILY = "1,2";
				TEST_TARGET_NAME = Geo;
			};
			name = Debug;
		};
		8B957386270DAF7700A263B3 /* Release */ = {
			isa = XCBuildConfiguration;
			buildSettings = {
				ALWAYS_EMBED_SWIFT_STANDARD_LIBRARIES = YES;
				CODE_SIGN_STYLE = Automatic;
				DEVELOPMENT_TEAM = 4582NNJ7T6;
				INFOPLIST_FILE = GeoUITests/Info.plist;
				LD_RUNPATH_SEARCH_PATHS = (
					"$(inherited)",
					"@executable_path/Frameworks",
					"@loader_path/Frameworks",
				);
				PRODUCT_BUNDLE_IDENTIFIER = com.stevehechio.apps.GeoUITests;
				PRODUCT_NAME = "$(TARGET_NAME)";
				SWIFT_VERSION = 5.0;
				TARGETED_DEVICE_FAMILY = "1,2";
				TEST_TARGET_NAME = Geo;
			};
			name = Release;
		};
/* End XCBuildConfiguration section */

/* Begin XCConfigurationList section */
		8B95734C270DAF6F00A263B3 /* Build configuration list for PBXProject "Geo" */ = {
			isa = XCConfigurationList;
			buildConfigurations = (
				8B95737C270DAF7700A263B3 /* Debug */,
				8B95737D270DAF7700A263B3 /* Release */,
			);
			defaultConfigurationIsVisible = 0;
			defaultConfigurationName = Release;
		};
		8B95737E270DAF7700A263B3 /* Build configuration list for PBXNativeTarget "Geo" */ = {
			isa = XCConfigurationList;
			buildConfigurations = (
				8B95737F270DAF7700A263B3 /* Debug */,
				8B957380270DAF7700A263B3 /* Release */,
			);
			defaultConfigurationIsVisible = 0;
			defaultConfigurationName = Release;
		};
		8B957381270DAF7700A263B3 /* Build configuration list for PBXNativeTarget "GeoTests" */ = {
			isa = XCConfigurationList;
			buildConfigurations = (
				8B957382270DAF7700A263B3 /* Debug */,
				8B957383270DAF7700A263B3 /* Release */,
			);
			defaultConfigurationIsVisible = 0;
			defaultConfigurationName = Release;
		};
		8B957384270DAF7700A263B3 /* Build configuration list for PBXNativeTarget "GeoUITests" */ = {
			isa = XCConfigurationList;
			buildConfigurations = (
				8B957385270DAF7700A263B3 /* Debug */,
				8B957386270DAF7700A263B3 /* Release */,
			);
			defaultConfigurationIsVisible = 0;
			defaultConfigurationName = Release;
		};
/* End XCConfigurationList section */

/* Begin XCVersionGroup section */
		8B95735D270DAF7000A263B3 /* Geo.xcdatamodeld */ = {
			isa = XCVersionGroup;
			children = (
				8B95735E270DAF7000A263B3 /* Geo.xcdatamodel */,
			);
			currentVersion = 8B95735E270DAF7000A263B3 /* Geo.xcdatamodel */;
			path = Geo.xcdatamodeld;
			sourceTree = "<group>";
			versionGroupType = wrapper.xcdatamodel;
		};
/* End XCVersionGroup section */
	};
	rootObject = 8B957349270DAF6F00A263B3 /* Project object */;
}
